{
  "version": 1,
  "dependencies": {
    "net9.0": {
      "BeetleX.Redis": {
        "type": "Direct",
        "requested": "[1.4.24.425, )",
        "resolved": "1.4.24.425",
        "contentHash": "gy9qmDL9UGJWL4RP1ZGsBYSdHpSdVW5F3CKtNHkvUwiz1wjqBA++d3ZWIt+2CvR/jENSShF2+mLuPY1xBkJkag==",
        "dependencies": {
          "BeetleX": "1.8.24.425",
          "BeetleX.Tracks": "0.8.0",
          "MessagePack": "2.1.115",
          "Newtonsoft.Json": "11.0.2",
          "protobuf-net": "3.0.101"
        }
      },
      "Enums.NET": {
        "type": "Direct",
        "requested": "[5.0.0, )",
        "resolved": "5.0.0",
        "contentHash": "NfGq1iLJZ15XZPgBhjk4Ns1XZ+beaGk6cog6B4LxcROdGoSMdgCJqYXF70P6VTd3dz/vFRY4h1u1lAMqW/DC2w=="
      },
      "Microsoft.Extensions.DependencyInjection.Abstractions": {
        "type": "Direct",
        "requested": "[9.0.8, )",
        "resolved": "9.0.8",
        "contentHash": "xY3lTjj4+ZYmiKIkyWitddrp1uL5uYiweQjqo4BKBw01ZC4HhcfgLghDpPZcUlppgWAFqFy9SgkiYWOMx365pw=="
      },
      "Microsoft.Extensions.Logging.Abstractions": {
        "type": "Direct",
        "requested": "[9.0.8, )",
        "resolved": "9.0.8",
        "contentHash": "pYnAffJL7ARD/HCnnPvnFKSIHnTSmWz84WIlT9tPeQ4lHNiu0Az7N/8itihWvcF8sT+VVD5lq8V+ckMzu4SbOw==",
        "dependencies": {
          "Microsoft.Extensions.DependencyInjection.Abstractions": "9.0.8"
        }
      },
      "Microsoft.Extensions.Options.ConfigurationExtensions": {
        "type": "Direct",
        "requested": "[9.0.8, )",
        "resolved": "9.0.8",
        "contentHash": "eW2s6n06x0w6w4nsX+SvpgsFYkl+Y0CttYAt6DKUXeqprX+hzNqjSfOh637fwNJBg7wRBrOIRHe49gKiTgJxzQ==",
        "dependencies": {
          "Microsoft.Extensions.Configuration.Abstractions": "9.0.8",
          "Microsoft.Extensions.Configuration.Binder": "9.0.8",
          "Microsoft.Extensions.DependencyInjection.Abstractions": "9.0.8",
          "Microsoft.Extensions.Options": "9.0.8",
          "Microsoft.Extensions.Primitives": "9.0.8"
        }
      },
      "Microsoft.Extensions.Options.DataAnnotations": {
        "type": "Direct",
        "requested": "[9.0.8, )",
        "resolved": "9.0.8",
        "contentHash": "WSKyfcZV4+yTk4ZhpnxSqi5JdEItgB5whhPIi+3+tZgb3IvPtCwpoIbLsyoAucodAFnkzEIPsGrBkcx3AjQc/A==",
        "dependencies": {
          "Microsoft.Extensions.DependencyInjection.Abstractions": "9.0.8",
          "Microsoft.Extensions.Options": "9.0.8"
        }
      },
      "BeetleX": {
        "type": "Transitive",
        "resolved": "1.8.24.425",
        "contentHash": "ISXpwNs1WjDSpGzPwGcZ/mJdOkkxpSqfaEETH+phwCuEsjyX4WC2SouFs2QPu8qbPu2+NpFvXNQ+lF6BUz1s/w=="
      },
      "BeetleX.Tracks": {
        "type": "Transitive",
        "resolved": "0.8.0",
        "contentHash": "p0MmrYD3QbjDsEZHfUoNg3nTkiXExS3ZIKzTOeQdaggoiVa4C2pNHisIvGXHxpwr8UBcoCjLczyWrZNvLESZsQ=="
      },
      "MessagePack": {
        "type": "Transitive",
        "resolved": "2.1.115",
        "contentHash": "QLLsIPUSoS7j1b/1qf5EXhl6bMMDlYu8iqVO+yim+xtehE1lhAGhIkK/hdGwNT5M2niK1uJTuof29K7XGSHMWA==",
        "dependencies": {
          "MessagePack.Annotations": "2.1.115",
          "Microsoft.Bcl.AsyncInterfaces": "1.0.0",
          "System.Memory": "4.5.3",
          "System.Reflection.Emit": "4.6.0",
          "System.Reflection.Emit.Lightweight": "4.6.0",
          "System.Runtime.CompilerServices.Unsafe": "4.5.2",
          "System.Threading.Tasks.Extensions": "4.5.3"
        }
      },
      "MessagePack.Annotations": {
        "type": "Transitive",
        "resolved": "2.1.115",
        "contentHash": "AZu+lE3/lImOpK0wnUwWWSds6YZCm7zX3ooViuezYJRRp9TIy+d1MgZPMEsyE+WL2Vt8IwP8GjsJI9soBiZ5zw=="
      },
      "Microsoft.Bcl.AsyncInterfaces": {
        "type": "Transitive",
        "resolved": "1.0.0",
        "contentHash": "K63Y4hORbBcKLWH5wnKgzyn7TOfYzevIEwIedQHBIkmkEBA9SCqgvom+XTuE+fAFGvINGkhFItaZ2dvMGdT5iw=="
      },
      "Microsoft.Extensions.Configuration.Abstractions": {
        "type": "Transitive",
        "resolved": "9.0.8",
        "contentHash": "yNou2KM35RvzOh4vUFtl2l33rWPvOCoba+nzEDJ+BgD8aOL/jew4WPCibQvntRfOJ2pJU8ARygSMD+pdjvDHuA==",
        "dependencies": {
          "Microsoft.Extensions.Primitives": "9.0.8"
        }
      },
      "Microsoft.Extensions.Configuration.Binder": {
        "type": "Transitive",
        "resolved": "9.0.8",
        "contentHash": "0vK9DnYrYChdiH3yRZWkkp4x4LbrfkWEdBc5HOsQ8t/0CLOWKXKkkhOE8A1shlex0hGydbGrhObeypxz/QTm+w==",
        "dependencies": {
          "Microsoft.Extensions.Configuration.Abstractions": "9.0.8"
        }
      },
      "Microsoft.Extensions.Options": {
        "type": "Transitive",
        "resolved": "9.0.8",
        "contentHash": "OmTaQ0v4gxGQkehpwWIqPoEiwsPuG/u4HUsbOFoWGx4DKET2AXzopnFe/fE608FIhzc/kcg2p8JdyMRCCUzitQ==",
        "dependencies": {
          "Microsoft.Extensions.DependencyInjection.Abstractions": "9.0.8",
          "Microsoft.Extensions.Primitives": "9.0.8"
        }
      },
      "Microsoft.Extensions.Primitives": {
        "type": "Transitive",
        "resolved": "9.0.8",
        "contentHash": "tizSIOEsIgSNSSh+hKeUVPK7xmTIjR8s+mJWOu1KXV3htvNQiPMFRMO17OdI1y/4ZApdBVk49u/08QGC9yvLug=="
      },
      "Newtonsoft.Json": {
        "type": "Transitive",
        "resolved": "11.0.2",
        "contentHash": "IvJe1pj7JHEsP8B8J8DwlMEx8UInrs/x+9oVY+oCD13jpLu4JbJU2WCIsMRn5C4yW9+DgkaO8uiVE5VHKjpmdQ=="
      },
      "protobuf-net": {
        "type": "Transitive",
        "resolved": "3.0.101",
        "contentHash": "mLm8VGfGylp9q+rbJDp3uw0BOeNzfGENecVz/EYGlzq3ss7tfajGXHCMoZm/GxJ9vSn9pcK22UXWZnQ5GJQMjA==",
        "dependencies": {
          "protobuf-net.Core": "3.0.101"
        }
      },
      "protobuf-net.Core": {
        "type": "Transitive",
        "resolved": "3.0.101",
        "contentHash": "gf9QIF0RlctfjmOjbE6eOyMulkNEsH7tHncjKj/4BTu9tkuTyrH3fv5I+35GnolJqKJ6fh9kYaezvNRL3t75+Q=="
      },
      "System.Memory": {
        "type": "Transitive",
        "resolved": "4.5.3",
        "contentHash": "3oDzvc/zzetpTKWMShs1AADwZjQ/36HnsufHRPcOjyRAAMLDlu2iD33MBI2opxnezcVUtXyqDXXjoFMOU9c7SA=="
      },
      "System.Reflection.Emit": {
        "type": "Transitive",
        "resolved": "4.6.0",
        "contentHash": "qAo4jyXtC9i71iElngX7P2r+zLaiHzxKwf66sc3X91tL5Ks6fnQ1vxL04o7ZSm3sYfLExySL7GN8aTpNYpU1qw=="
      },
      "System.Reflection.Emit.Lightweight": {
        "type": "Transitive",
        "resolved": "4.6.0",
        "contentHash": "j/V5HVvxvBQ7uubYD0PptQW2KGsi1Pc2kZ9yfwLixv3ADdjL/4M78KyC5e+ymW612DY8ZE4PFoZmWpoNmN2mqg=="
      },
      "System.Runtime.CompilerServices.Unsafe": {
        "type": "Transitive",
        "resolved": "4.5.2",
        "contentHash": "wprSFgext8cwqymChhrBLu62LMg/1u92bU+VOwyfBimSPVFXtsNqEWC92Pf9ofzJFlk4IHmJA75EDJn1b2goAQ=="
      },
      "System.Threading.Tasks.Extensions": {
        "type": "Transitive",
        "resolved": "4.5.3",
        "contentHash": "+MvhNtcvIbqmhANyKu91jQnvIRVSTiaOiFNfKWwXGHG48YAb4I/TyH8spsySiPYla7gKal5ZnF3teJqZAximyQ=="
      }
    }
  }
}