{
  "version": 1,
  "dependencies": {
    "net9.0": {
      "Microsoft.Extensions.DependencyInjection.Abstractions": {
        "type": "Direct",
        "requested": "[9.0.8, )",
        "resolved": "9.0.8",
        "contentHash": "xY3lTjj4+ZYmiKIkyWitddrp1uL5uYiweQjqo4BKBw01ZC4HhcfgLghDpPZcUlppgWAFqFy9SgkiYWOMx365pw=="
      },
      "Microsoft.Extensions.Options.ConfigurationExtensions": {
        "type": "Direct",
        "requested": "[9.0.8, )",
        "resolved": "9.0.8",
        "contentHash": "eW2s6n06x0w6w4nsX+SvpgsFYkl+Y0CttYAt6DKUXeqprX+hzNqjSfOh637fwNJBg7wRBrOIRHe49gKiTgJxzQ==",
        "dependencies": {
          "Microsoft.Extensions.Configuration.Abstractions": "9.0.8",
          "Microsoft.Extensions.Configuration.Binder": "9.0.8",
          "Microsoft.Extensions.DependencyInjection.Abstractions": "9.0.8",
          "Microsoft.Extensions.Options": "9.0.8",
          "Microsoft.Extensions.Primitives": "9.0.8"
        }
      },
      "Microsoft.Extensions.Options.DataAnnotations": {
        "type": "Direct",
        "requested": "[9.0.8, )",
        "resolved": "9.0.8",
        "contentHash": "WSKyfcZV4+yTk4ZhpnxSqi5JdEItgB5whhPIi+3+tZgb3IvPtCwpoIbLsyoAucodAFnkzEIPsGrBkcx3AjQc/A==",
        "dependencies": {
          "Microsoft.Extensions.DependencyInjection.Abstractions": "9.0.8",
          "Microsoft.Extensions.Options": "9.0.8"
        }
      },
      "Microsoft.Extensions.Configuration.Abstractions": {
        "type": "Transitive",
        "resolved": "9.0.8",
        "contentHash": "yNou2KM35RvzOh4vUFtl2l33rWPvOCoba+nzEDJ+BgD8aOL/jew4WPCibQvntRfOJ2pJU8ARygSMD+pdjvDHuA==",
        "dependencies": {
          "Microsoft.Extensions.Primitives": "9.0.8"
        }
      },
      "Microsoft.Extensions.Configuration.Binder": {
        "type": "Transitive",
        "resolved": "9.0.8",
        "contentHash": "0vK9DnYrYChdiH3yRZWkkp4x4LbrfkWEdBc5HOsQ8t/0CLOWKXKkkhOE8A1shlex0hGydbGrhObeypxz/QTm+w==",
        "dependencies": {
          "Microsoft.Extensions.Configuration.Abstractions": "9.0.8"
        }
      },
      "Microsoft.Extensions.Options": {
        "type": "Transitive",
        "resolved": "9.0.8",
        "contentHash": "OmTaQ0v4gxGQkehpwWIqPoEiwsPuG/u4HUsbOFoWGx4DKET2AXzopnFe/fE608FIhzc/kcg2p8JdyMRCCUzitQ==",
        "dependencies": {
          "Microsoft.Extensions.DependencyInjection.Abstractions": "9.0.8",
          "Microsoft.Extensions.Primitives": "9.0.8"
        }
      },
      "Microsoft.Extensions.Primitives": {
        "type": "Transitive",
        "resolved": "9.0.8",
        "contentHash": "tizSIOEsIgSNSSh+hKeUVPK7xmTIjR8s+mJWOu1KXV3htvNQiPMFRMO17OdI1y/4ZApdBVk49u/08QGC9yvLug=="
      }
    }
  }
}